
Microsoft Visual Studio Solution File, Format Version 12.00
# Visual Studio Version 17
VisualStudioVersion = 17.11.35303.130
MinimumVisualStudioVersion = 10.0.40219.1
Project("{2150E333-8FDC-42A3-9474-1A3956D46DE8}") = "Task0", "Task0", "{958E8A4D-C4D4-407E-B801-F1614C716717}"
EndProject
Project("{9A19103F-16F7-4668-BE54-9A1E7A4F7556}") = "Tyuiu.BlagihIA.Sprint0.Task0.V0", "Tyuiu.BlagihIA.Sprint0.Task0.V0\Tyuiu.BlagihIA.Sprint0.Task0.V0.csproj", "{A9AB1961-3109-4756-927A-E378C28F64D1}"
EndProject
Project("{2150E333-8FDC-42A3-9474-1A3956D46DE8}") = "Task1", "Task1", "{92B6FD45-D3EC-4A28-85B4-C9FDD1AD4ADC}"
EndProject
Project("{9A19103F-16F7-4668-BE54-9A1E7A4F7556}") = "Tyuiu.BlagihIA.Sprint0.Task1.V0", "Tyuiu.BlagihIA.Sprint0.Task1\Tyuiu.BlagihIA.Sprint0.Task1.V0.csproj", "{806EBEB3-8696-4801-A782-1D2B1D8939C1}"
EndProject
Project("{2150E333-8FDC-42A3-9474-1A3956D46DE8}") = "Task2", "Task2", "{590333CE-3CB1-4613-8B92-FD45B8CBEC14}"
EndProject
Project("{9A19103F-16F7-4668-BE54-9A1E7A4F7556}") = "Tyuiu.BlagihIA.Sprint0.Task2.V0", "Tyuiu.BlagihIA.Sprint0.Task2.V0\Tyuiu.BlagihIA.Sprint0.Task2.V0.csproj", "{69BA961B-3A87-432C-8F62-0B41F6829C87}"
EndProject
Project("{9A19103F-16F7-4668-BE54-9A1E7A4F7556}") = "Tyuiu.BlagihIA.Sprint0.Task2.V0.Lib", "Tyuiu.BlagihIA.Sprint0.Task2.V0.Lib\Tyuiu.BlagihIA.Sprint0.Task2.V0.Lib.csproj", "{4D90AE07-D915-4821-8738-7F1412CEDDA8}"
EndProject
Project("{9A19103F-16F7-4668-BE54-9A1E7A4F7556}") = "Tyuiu.BlagihIA.Sprint0.Task2.V0.Test", "Tyuiu.BlagihIA.Sprint0.Task2.V0.Test\Tyuiu.BlagihIA.Sprint0.Task2.V0.Test.csproj", "{F1507E95-48B6-4362-A2C4-6A32E7A2CFAB}"
EndProject
Project("{2150E333-8FDC-42A3-9474-1A3956D46DE8}") = "Task3", "Task3", "{D5C3C08D-D40F-4408-9D10-411701D0A6AB}"
EndProject
Project("{9A19103F-16F7-4668-BE54-9A1E7A4F7556}") = "Tyuiu.BlagihIA.Sprint0.Task3.V0", "Tyuiu.BlagihIA.Sprint0.Task3.V0\Tyuiu.BlagihIA.Sprint0.Task3.V0.csproj", "{CB70151D-CF9D-48C9-9853-D722DF783E0E}"
EndProject
Project("{9A19103F-16F7-4668-BE54-9A1E7A4F7556}") = "Tyuiu.BlagihIA.Sprint0.Task3.V0.Lib", "Tyuiu.BlagihIA.Sprint0.Task3.V0.Lib\Tyuiu.BlagihIA.Sprint0.Task3.V0.Lib.csproj", "{FE0D3FD6-AD05-4CB6-8FDA-9B1BEF9E9F87}"
EndProject
Project("{9A19103F-16F7-4668-BE54-9A1E7A4F7556}") = "Tyuiu.BlagihIA.Sprint0.Task3.V0.Test", "Tyuiu.BlagihIA.Sprint0.Task3.V0.Test\Tyuiu.BlagihIA.Sprint0.Task3.V0.Test.csproj", "{F552B8B6-C15F-408A-B92F-526BC59BFD07}"
EndProject
Project("{2150E333-8FDC-42A3-9474-1A3956D46DE8}") = "Task4", "Task4", "{3F0CE352-90F9-497D-A1FD-F7E95B40A031}"
EndProject
Project("{9A19103F-16F7-4668-BE54-9A1E7A4F7556}") = "Tyuiu.BlagihIA.Sprint0.Task4.V0", "Tyuiu.BlagihIA.Sprint0.Task4.V0\Tyuiu.BlagihIA.Sprint0.Task4.V0.csproj", "{73F5E366-3F31-4203-858B-544752DA5F96}"
EndProject
Project("{9A19103F-16F7-4668-BE54-9A1E7A4F7556}") = "Tyuiu.BlagihIA.Sprint0.Task4.V0.Lib", "Tyuiu.BlagihIA.Sprint0.Task4.V0.Lib\Tyuiu.BlagihIA.Sprint0.Task4.V0.Lib.csproj", "{A2BD9013-50DA-4F2D-9CD0-B67AA076C902}"
EndProject
Project("{9A19103F-16F7-4668-BE54-9A1E7A4F7556}") = "Tyuiu.BlagihIA.Sprint0.Task4.V0.Test", "Tyuiu.BlagihIA.Sprint0.Task4.V0.Test\Tyuiu.BlagihIA.Sprint0.Task4.V0.Test.csproj", "{85BBBC10-200E-49D1-A7A0-8C5983FD10EB}"
EndProject
Project("{2150E333-8FDC-42A3-9474-1A3956D46DE8}") = "Task5", "Task5", "{08107B18-85B6-42CA-A8DE-38D0A7381789}"
EndProject
Project("{FAE04EC0-301F-11D3-BF4B-00C04F79EFBC}") = "Tyuiu.BlagihIA.Sprint0.Task5.V0", "Tyuiu.BlagihIA.Sprint0.Task5.V0\Tyuiu.BlagihIA.Sprint0.Task5.V0.csproj", "{EF478132-0AAE-4924-A1C5-38012064E436}"
EndProject
Project("{FAE04EC0-301F-11D3-BF4B-00C04F79EFBC}") = "Tyuiu.BlagihIA.Sprint0.Task5.V0.Lib", "Tyuiu.BlagihIA.Sprint0.Task5.V0.Lib\Tyuiu.BlagihIA.Sprint0.Task5.V0.Lib.csproj", "{240AC141-E6A3-4531-973E-85DB725312DB}"
EndProject
Project("{FAE04EC0-301F-11D3-BF4B-00C04F79EFBC}") = "Tyuiu.BlagihIA.Sprint0.Task5.V0.Test", "Tyuiu.BlagihIA.Sprint0.Task5.V0.Test\Tyuiu.BlagihIA.Sprint0.Task5.V0.Test.csproj", "{990B0DF6-74A2-43A1-B9F5-BCF0A791FF9A}"
EndProject
Global
	GlobalSection(SolutionConfigurationPlatforms) = preSolution
		Debug|Any CPU = Debug|Any CPU
		Release|Any CPU = Release|Any CPU
	EndGlobalSection
	GlobalSection(ProjectConfigurationPlatforms) = postSolution
		{A9AB1961-3109-4756-927A-E378C28F64D1}.Debug|Any CPU.ActiveCfg = Debug|Any CPU
		{A9AB1961-3109-4756-927A-E378C28F64D1}.Debug|Any CPU.Build.0 = Debug|Any CPU
		{A9AB1961-3109-4756-927A-E378C28F64D1}.Release|Any CPU.ActiveCfg = Release|Any CPU
		{A9AB1961-3109-4756-927A-E378C28F64D1}.Release|Any CPU.Build.0 = Release|Any CPU
		{806EBEB3-8696-4801-A782-1D2B1D8939C1}.Debug|Any CPU.ActiveCfg = Debug|Any CPU
		{806EBEB3-8696-4801-A782-1D2B1D8939C1}.Debug|Any CPU.Build.0 = Debug|Any CPU
		{806EBEB3-8696-4801-A782-1D2B1D8939C1}.Release|Any CPU.ActiveCfg = Release|Any CPU
		{806EBEB3-8696-4801-A782-1D2B1D8939C1}.Release|Any CPU.Build.0 = Release|Any CPU
		{69BA961B-3A87-432C-8F62-0B41F6829C87}.Debug|Any CPU.ActiveCfg = Debug|Any CPU
		{69BA961B-3A87-432C-8F62-0B41F6829C87}.Debug|Any CPU.Build.0 = Debug|Any CPU
		{69BA961B-3A87-432C-8F62-0B41F6829C87}.Release|Any CPU.ActiveCfg = Release|Any CPU
		{69BA961B-3A87-432C-8F62-0B41F6829C87}.Release|Any CPU.Build.0 = Release|Any CPU
		{4D90AE07-D915-4821-8738-7F1412CEDDA8}.Debug|Any CPU.ActiveCfg = Debug|Any CPU
		{4D90AE07-D915-4821-8738-7F1412CEDDA8}.Debug|Any CPU.Build.0 = Debug|Any CPU
		{4D90AE07-D915-4821-8738-7F1412CEDDA8}.Release|Any CPU.ActiveCfg = Release|Any CPU
		{4D90AE07-D915-4821-8738-7F1412CEDDA8}.Release|Any CPU.Build.0 = Release|Any CPU
		{F1507E95-48B6-4362-A2C4-6A32E7A2CFAB}.Debug|Any CPU.ActiveCfg = Debug|Any CPU
		{F1507E95-48B6-4362-A2C4-6A32E7A2CFAB}.Debug|Any CPU.Build.0 = Debug|Any CPU
		{F1507E95-48B6-4362-A2C4-6A32E7A2CFAB}.Release|Any CPU.ActiveCfg = Release|Any CPU
		{F1507E95-48B6-4362-A2C4-6A32E7A2CFAB}.Release|Any CPU.Build.0 = Release|Any CPU
		{CB70151D-CF9D-48C9-9853-D722DF783E0E}.Debug|Any CPU.ActiveCfg = Debug|Any CPU
		{CB70151D-CF9D-48C9-9853-D722DF783E0E}.Debug|Any CPU.Build.0 = Debug|Any CPU
		{CB70151D-CF9D-48C9-9853-D722DF783E0E}.Release|Any CPU.ActiveCfg = Release|Any CPU
		{CB70151D-CF9D-48C9-9853-D722DF783E0E}.Release|Any CPU.Build.0 = Release|Any CPU
		{FE0D3FD6-AD05-4CB6-8FDA-9B1BEF9E9F87}.Debug|Any CPU.ActiveCfg = Debug|Any CPU
		{FE0D3FD6-AD05-4CB6-8FDA-9B1BEF9E9F87}.Debug|Any CPU.Build.0 = Debug|Any CPU
		{FE0D3FD6-AD05-4CB6-8FDA-9B1BEF9E9F87}.Release|Any CPU.ActiveCfg = Release|Any CPU
		{FE0D3FD6-AD05-4CB6-8FDA-9B1BEF9E9F87}.Release|Any CPU.Build.0 = Release|Any CPU
		{F552B8B6-C15F-408A-B92F-526BC59BFD07}.Debug|Any CPU.ActiveCfg = Debug|Any CPU
		{F552B8B6-C15F-408A-B92F-526BC59BFD07}.Debug|Any CPU.Build.0 = Debug|Any CPU
		{F552B8B6-C15F-408A-B92F-526BC59BFD07}.Release|Any CPU.ActiveCfg = Release|Any CPU
		{F552B8B6-C15F-408A-B92F-526BC59BFD07}.Release|Any CPU.Build.0 = Release|Any CPU
		{73F5E366-3F31-4203-858B-544752DA5F96}.Debug|Any CPU.ActiveCfg = Debug|Any CPU
		{73F5E366-3F31-4203-858B-544752DA5F96}.Debug|Any CPU.Build.0 = Debug|Any CPU
		{73F5E366-3F31-4203-858B-544752DA5F96}.Release|Any CPU.ActiveCfg = Release|Any CPU
		{73F5E366-3F31-4203-858B-544752DA5F96}.Release|Any CPU.Build.0 = Release|Any CPU
		{A2BD9013-50DA-4F2D-9CD0-B67AA076C902}.Debug|Any CPU.ActiveCfg = Debug|Any CPU
		{A2BD9013-50DA-4F2D-9CD0-B67AA076C902}.Debug|Any CPU.Build.0 = Debug|Any CPU
		{A2BD9013-50DA-4F2D-9CD0-B67AA076C902}.Release|Any CPU.ActiveCfg = Release|Any CPU
		{A2BD9013-50DA-4F2D-9CD0-B67AA076C902}.Release|Any CPU.Build.0 = Release|Any CPU
		{85BBBC10-200E-49D1-A7A0-8C5983FD10EB}.Debug|Any CPU.ActiveCfg = Debug|Any CPU
		{85BBBC10-200E-49D1-A7A0-8C5983FD10EB}.Debug|Any CPU.Build.0 = Debug|Any CPU
		{85BBBC10-200E-49D1-A7A0-8C5983FD10EB}.Release|Any CPU.ActiveCfg = Release|Any CPU
		{85BBBC10-200E-49D1-A7A0-8C5983FD10EB}.Release|Any CPU.Build.0 = Release|Any CPU
		{EF478132-0AAE-4924-A1C5-38012064E436}.Debug|Any CPU.ActiveCfg = Debug|Any CPU
		{EF478132-0AAE-4924-A1C5-38012064E436}.Debug|Any CPU.Build.0 = Debug|Any CPU
		{EF478132-0AAE-4924-A1C5-38012064E436}.Release|Any CPU.ActiveCfg = Release|Any CPU
		{EF478132-0AAE-4924-A1C5-38012064E436}.Release|Any CPU.Build.0 = Release|Any CPU
		{240AC141-E6A3-4531-973E-85DB725312DB}.Debug|Any CPU.ActiveCfg = Debug|Any CPU
		{240AC141-E6A3-4531-973E-85DB725312DB}.Debug|Any CPU.Build.0 = Debug|Any CPU
		{240AC141-E6A3-4531-973E-85DB725312DB}.Release|Any CPU.ActiveCfg = Release|Any CPU
		{240AC141-E6A3-4531-973E-85DB725312DB}.Release|Any CPU.Build.0 = Release|Any CPU
		{990B0DF6-74A2-43A1-B9F5-BCF0A791FF9A}.Debug|Any CPU.ActiveCfg = Debug|Any CPU
		{990B0DF6-74A2-43A1-B9F5-BCF0A791FF9A}.Debug|Any CPU.Build.0 = Debug|Any CPU
		{990B0DF6-74A2-43A1-B9F5-BCF0A791FF9A}.Release|Any CPU.ActiveCfg = Release|Any CPU
		{990B0DF6-74A2-43A1-B9F5-BCF0A791FF9A}.Release|Any CPU.Build.0 = Release|Any CPU
	EndGlobalSection
	GlobalSection(SolutionProperties) = preSolution
		HideSolutionNode = FALSE
	EndGlobalSection
	GlobalSection(NestedProjects) = preSolution
		{A9AB1961-3109-4756-927A-E378C28F64D1} = {958E8A4D-C4D4-407E-B801-F1614C716717}
		{806EBEB3-8696-4801-A782-1D2B1D8939C1} = {92B6FD45-D3EC-4A28-85B4-C9FDD1AD4ADC}
		{69BA961B-3A87-432C-8F62-0B41F6829C87} = {590333CE-3CB1-4613-8B92-FD45B8CBEC14}
		{4D90AE07-D915-4821-8738-7F1412CEDDA8} = {590333CE-3CB1-4613-8B92-FD45B8CBEC14}
		{F1507E95-48B6-4362-A2C4-6A32E7A2CFAB} = {590333CE-3CB1-4613-8B92-FD45B8CBEC14}
		{CB70151D-CF9D-48C9-9853-D722DF783E0E} = {D5C3C08D-D40F-4408-9D10-411701D0A6AB}
		{FE0D3FD6-AD05-4CB6-8FDA-9B1BEF9E9F87} = {D5C3C08D-D40F-4408-9D10-411701D0A6AB}
		{F552B8B6-C15F-408A-B92F-526BC59BFD07} = {D5C3C08D-D40F-4408-9D10-411701D0A6AB}
		{73F5E366-3F31-4203-858B-544752DA5F96} = {3F0CE352-90F9-497D-A1FD-F7E95B40A031}
		{A2BD9013-50DA-4F2D-9CD0-B67AA076C902} = {3F0CE352-90F9-497D-A1FD-F7E95B40A031}
		{85BBBC10-200E-49D1-A7A0-8C5983FD10EB} = {3F0CE352-90F9-497D-A1FD-F7E95B40A031}
		{EF478132-0AAE-4924-A1C5-38012064E436} = {08107B18-85B6-42CA-A8DE-38D0A7381789}
		{240AC141-E6A3-4531-973E-85DB725312DB} = {08107B18-85B6-42CA-A8DE-38D0A7381789}
		{990B0DF6-74A2-43A1-B9F5-BCF0A791FF9A} = {08107B18-85B6-42CA-A8DE-38D0A7381789}
	EndGlobalSection
	GlobalSection(ExtensibilityGlobals) = postSolution
		SolutionGuid = {68E1E8D7-0E66-4292-92EF-C4179AEA5325}
	EndGlobalSection
EndGlobal
