
Microsoft Visual Studio Solution File, Format Version 12.00
# Visual Studio Version 17
VisualStudioVersion = 17.11.35303.130
MinimumVisualStudioVersion = 10.0.40219.1
Project("{2150E333-8FDC-42A3-9474-1A3956D46DE8}") = "Task0", "Task0", "{958E8A4D-C4D4-407E-B801-F1614C716717}"
EndProject
Project("{FAE04EC0-301F-11D3-BF4B-00C04F79EFBC}") = "Tyuiu.BlagihIA.Sprint0.Task0.V0", "Tyuiu.BlagihIA.Sprint0.Task0.V0\Tyuiu.BlagihIA.Sprint0.Task0.V0.csproj", "{A9AB1961-3109-4756-927A-E378C28F64D1}"
EndProject
Global
	GlobalSection(SolutionConfigurationPlatforms) = preSolution
		Debug|Any CPU = Debug|Any CPU
		Release|Any CPU = Release|Any CPU
	EndGlobalSection
	GlobalSection(ProjectConfigurationPlatforms) = postSolution
		{A9AB1961-3109-4756-927A-E378C28F64D1}.Debug|Any CPU.ActiveCfg = Debug|Any CPU
		{A9AB1961-3109-4756-927A-E378C28F64D1}.Debug|Any CPU.Build.0 = Debug|Any CPU
		{A9AB1961-3109-4756-927A-E378C28F64D1}.Release|Any CPU.ActiveCfg = Release|Any CPU
		{A9AB1961-3109-4756-927A-E378C28F64D1}.Release|Any CPU.Build.0 = Release|Any CPU
	EndGlobalSection
	GlobalSection(SolutionProperties) = preSolution
		HideSolutionNode = FALSE
	EndGlobalSection
	GlobalSection(NestedProjects) = preSolution
		{A9AB1961-3109-4756-927A-E378C28F64D1} = {958E8A4D-C4D4-407E-B801-F1614C716717}
	EndGlobalSection
	GlobalSection(ExtensibilityGlobals) = postSolution
		SolutionGuid = {68E1E8D7-0E66-4292-92EF-C4179AEA5325}
	EndGlobalSection
EndGlobal
